<?xml version="1.0" encoding="utf-8"?>
<Project ToolsVersion="4.0" xmlns="http://schemas.microsoft.com/developer/msbuild/2003">
  <ItemGroup>
    <Filter Include="Source Files">
      <UniqueIdentifier>{4FC737F1-C7A5-4376-A066-2A32D752A2FF}</UniqueIdentifier>
      <Extensions>cpp;c;cc;cxx;def;odl;idl;hpj;bat;asm;asmx</Extensions>
    </Filter>
    <Filter Include="Header Files">
      <UniqueIdentifier>{93995380-89BD-4b04-88EB-625FBE52EBFB}</UniqueIdentifier>
      <Extensions>h;hpp;hxx;hm;inl;inc;xsd</Extensions>
    </Filter>
    <Filter Include="Resource Files">
      <UniqueIdentifier>{67DA6AB6-F800-4c08-8B7A-83BB121AAD01}</UniqueIdentifier>
      <Extensions>rc;ico;cur;bmp;dlg;rc2;rct;bin;rgs;gif;jpg;jpeg;jpe;resx;tiff;tif;png;wav;mfcribbon-ms</Extensions>
    </Filter>
  </ItemGroup>
  <ItemGroup>
    <ClInclude Include="LEDEffect.h">
      <Filter>Header Files</Filter>
    </ClInclude>
    <ClInclude Include="LEDFxLib.h">
      <Filter>Header Files</Filter>
    </ClInclude>
    <ClInclude Include="LEDFx.h">
      <Filter>Header Files</Filter>
    </ClInclude>
    <ClInclude Include="EffectColorRotation.h">
      <Filter>Header Files</Filter>
    </ClInclude>
    <ClInclude Include="EffectCustom.h">
      <Filter>Header Files</Filter>
    </ClInclude>
    <ClInclude Include="EffectSineWave.h">
      <Filter>Header Files</Filter>
    </ClInclude>
    <ClInclude Include="EffectSolidColor.h">
      <Filter>Header Files</Filter>
    </ClInclude>
    <ClInclude Include="LedFxUtilities.h">
      <Filter>Header Files</Filter>
    </ClInclude>
    <ClInclude Include="IDrawable.h">
      <Filter>Header Files</Filter>
    </ClInclude>
    <ClInclude Include="RangeInfoList.h">
      <Filter>Header Files</Filter>
    </ClInclude>
    <ClInclude Include="EffectRandomPixels.h">
      <Filter>Header Files</Filter>
    </ClInclude>
    <ClInclude Include="EffectRainbow.h">
      <Filter>Header Files</Filter>
    </ClInclude>
    <ClInclude Include="Visual Micro\.ledfxlib.vsarduino.h">
      <Filter>Header Files</Filter>
    </ClInclude>
    <ClInclude Include="EffectProgressBar.h">
      <Filter>Header Files</Filter>
    </ClInclude>
    <ClInclude Include="EffectTwinkle.h">
      <Filter>Header Files</Filter>
    </ClInclude>
    <ClInclude Include="Pixel.h">
      <Filter>Header Files</Filter>
    </ClInclude>
  </ItemGroup>
  <ItemGroup>
    <ClCompile Include="LEDEffect.cpp">
      <Filter>Source Files</Filter>
    </ClCompile>
    <ClCompile Include="LEDFxLib.cpp">
      <Filter>Source Files</Filter>
    </ClCompile>
    <ClCompile Include="EffectColorRotation.cpp">
      <Filter>Source Files</Filter>
    </ClCompile>
    <ClCompile Include="EffectCustom.cpp">
      <Filter>Source Files</Filter>
    </ClCompile>
    <ClCompile Include="EffectSineWave.cpp">
      <Filter>Source Files</Filter>
    </ClCompile>
    <ClCompile Include="EffectSolidColor.cpp">
      <Filter>Source Files</Filter>
    </ClCompile>
    <ClCompile Include="RangeInfoList.cpp">
      <Filter>Source Files</Filter>
    </ClCompile>
    <ClCompile Include="EffectRandomPixels.cpp">
      <Filter>Source Files</Filter>
    </ClCompile>
    <ClCompile Include="EffectRainbow.cpp">
      <Filter>Source Files</Filter>
    </ClCompile>
    <ClCompile Include="EffectProgressBar.cpp">
      <Filter>Source Files</Filter>
    </ClCompile>
    <ClCompile Include="EffectTwinkle.cpp">
      <Filter>Source Files</Filter>
    </ClCompile>
  </ItemGroup>
</Project>